
Microsoft Visual Studio Solution File, Format Version 12.00
# Visual Studio Version 16
VisualStudioVersion = 16.0.30611.23
MinimumVisualStudioVersion = 10.0.40219.1
Project("{FAE04EC0-301F-11D3-BF4B-00C04F79EFBC}") = "WebScraper", "WebScraper\WebScraper.csproj", "{41156B32-53FE-45C7-AA32-EAD8698DD60F}"
EndProject
Global
	GlobalSection(SolutionConfigurationPlatforms) = preSolution
		Debug|Any CPU = Debug|Any CPU
		Release|Any CPU = Release|Any CPU
	EndGlobalSection
	GlobalSection(ProjectConfigurationPlatforms) = postSolution
		{41156B32-53FE-45C7-AA32-EAD8698DD60F}.Debug|Any CPU.ActiveCfg = Debug|Any CPU
		{41156B32-53FE-45C7-AA32-EAD8698DD60F}.Debug|Any CPU.Build.0 = Debug|Any CPU
		{41156B32-53FE-45C7-AA32-EAD8698DD60F}.Release|Any CPU.ActiveCfg = Release|Any CPU
		{41156B32-53FE-45C7-AA32-EAD8698DD60F}.Release|Any CPU.Build.0 = Release|Any CPU
	EndGlobalSection
	GlobalSection(SolutionProperties) = preSolution
		HideSolutionNode = FALSE
	EndGlobalSection
	GlobalSection(ExtensibilityGlobals) = postSolution
		SolutionGuid = {FDBF6C93-C9FB-41C3-9114-0F4146B7C2A0}
	EndGlobalSection
EndGlobal
